
Microsoft Visual Studio Solution File, Format Version 12.00
# Visual Studio 2012
Project("{FAE04EC0-301F-11D3-BF4B-00C04F79EFBC}") = "MyVolunteerDAL", "MyVolunteerDAL\MyVolunteerDAL.csproj", "{0CDCF418-FD4E-4C8B-AF46-9F357C2407E9}"
EndProject
Project("{FAE04EC0-301F-11D3-BF4B-00C04F79EFBC}") = "MyVolunteerBLL", "MyVolunteerBLL\MyVolunteerBLL.csproj", "{E51C671C-BB3F-4BE4-85D3-A8754BB54571}"
EndProject
Project("{FAE04EC0-301F-11D3-BF4B-00C04F79EFBC}") = "MyVolunteerRestAPI", "MyVolunteerRestAPI\MyVolunteerRestAPI.csproj", "{07291DEA-D4D0-4D29-AB40-C6A84159ADF7}"
EndProject
Global
	GlobalSection(SolutionConfigurationPlatforms) = preSolution
		Debug|Any CPU = Debug|Any CPU
		Release|Any CPU = Release|Any CPU
	EndGlobalSection
	GlobalSection(ProjectConfigurationPlatforms) = postSolution
		{0CDCF418-FD4E-4C8B-AF46-9F357C2407E9}.Debug|Any CPU.ActiveCfg = Debug|Any CPU
		{0CDCF418-FD4E-4C8B-AF46-9F357C2407E9}.Debug|Any CPU.Build.0 = Debug|Any CPU
		{0CDCF418-FD4E-4C8B-AF46-9F357C2407E9}.Release|Any CPU.ActiveCfg = Release|Any CPU
		{0CDCF418-FD4E-4C8B-AF46-9F357C2407E9}.Release|Any CPU.Build.0 = Release|Any CPU
		{E51C671C-BB3F-4BE4-85D3-A8754BB54571}.Debug|Any CPU.ActiveCfg = Debug|Any CPU
		{E51C671C-BB3F-4BE4-85D3-A8754BB54571}.Debug|Any CPU.Build.0 = Debug|Any CPU
		{E51C671C-BB3F-4BE4-85D3-A8754BB54571}.Release|Any CPU.ActiveCfg = Release|Any CPU
		{E51C671C-BB3F-4BE4-85D3-A8754BB54571}.Release|Any CPU.Build.0 = Release|Any CPU
		{07291DEA-D4D0-4D29-AB40-C6A84159ADF7}.Debug|Any CPU.ActiveCfg = Debug|Any CPU
		{07291DEA-D4D0-4D29-AB40-C6A84159ADF7}.Debug|Any CPU.Build.0 = Debug|Any CPU
		{07291DEA-D4D0-4D29-AB40-C6A84159ADF7}.Release|Any CPU.ActiveCfg = Release|Any CPU
		{07291DEA-D4D0-4D29-AB40-C6A84159ADF7}.Release|Any CPU.Build.0 = Release|Any CPU
	EndGlobalSection
EndGlobal
